
Microsoft Visual Studio Solution File, Format Version 12.00
# Visual Studio 15
VisualStudioVersion = 15.0.26730.12
MinimumVisualStudioVersion = 10.0.40219.1
Project("{FAE04EC0-301F-11D3-BF4B-00C04F79EFBC}") = "banco_de_dados", "banco_de_dados\banco_de_dados.csproj", "{5700A742-C381-447B-B898-2AEDE4E2ADE5}"
EndProject
Global
	GlobalSection(SolutionConfigurationPlatforms) = preSolution
		Debug|Any CPU = Debug|Any CPU
		Release|Any CPU = Release|Any CPU
	EndGlobalSection
	GlobalSection(ProjectConfigurationPlatforms) = postSolution
		{5700A742-C381-447B-B898-2AEDE4E2ADE5}.Debug|Any CPU.ActiveCfg = Debug|Any CPU
		{5700A742-C381-447B-B898-2AEDE4E2ADE5}.Debug|Any CPU.Build.0 = Debug|Any CPU
		{5700A742-C381-447B-B898-2AEDE4E2ADE5}.Release|Any CPU.ActiveCfg = Release|Any CPU
		{5700A742-C381-447B-B898-2AEDE4E2ADE5}.Release|Any CPU.Build.0 = Release|Any CPU
	EndGlobalSection
	GlobalSection(SolutionProperties) = preSolution
		HideSolutionNode = FALSE
	EndGlobalSection
	GlobalSection(ExtensibilityGlobals) = postSolution
		SolutionGuid = {BE8933A6-5CE8-411C-8A63-181CC269B99E}
	EndGlobalSection
EndGlobal
