
Microsoft Visual Studio Solution File, Format Version 12.00
# Visual Studio 15
VisualStudioVersion = 15.0.26730.12
MinimumVisualStudioVersion = 10.0.40219.1
Project("{FAE04EC0-301F-11D3-BF4B-00C04F79EFBC}") = "consoleDBOracle", "consoleDBOracle\consoleDBOracle.csproj", "{60690976-2254-4BC3-999E-E11358300BF9}"
EndProject
Global
	GlobalSection(SolutionConfigurationPlatforms) = preSolution
		Debug|Any CPU = Debug|Any CPU
		Release|Any CPU = Release|Any CPU
	EndGlobalSection
	GlobalSection(ProjectConfigurationPlatforms) = postSolution
		{60690976-2254-4BC3-999E-E11358300BF9}.Debug|Any CPU.ActiveCfg = Debug|Any CPU
		{60690976-2254-4BC3-999E-E11358300BF9}.Debug|Any CPU.Build.0 = Debug|Any CPU
		{60690976-2254-4BC3-999E-E11358300BF9}.Release|Any CPU.ActiveCfg = Release|Any CPU
		{60690976-2254-4BC3-999E-E11358300BF9}.Release|Any CPU.Build.0 = Release|Any CPU
	EndGlobalSection
	GlobalSection(SolutionProperties) = preSolution
		HideSolutionNode = FALSE
	EndGlobalSection
	GlobalSection(ExtensibilityGlobals) = postSolution
		SolutionGuid = {94FBF1FA-8068-4300-8C93-7459EAE915BB}
	EndGlobalSection
EndGlobal
